
Microsoft Visual Studio Solution File, Format Version 12.00
# Visual Studio Version 16
VisualStudioVersion = 16.0.810.14
MinimumVisualStudioVersion = 10.0.40219.1
Project("{FAE04EC0-301F-11D3-BF4B-00C04F79EFBC}") = "Repositoo", "Repositoo\Repositoo.csproj", "{2428BB5C-2033-4CE6-8EBC-B388F8EB5F6C}"
EndProject
Project("{FAE04EC0-301F-11D3-BF4B-00C04F79EFBC}") = "Repositoo.Tests", "Repositoo.Tests\Repositoo.Tests.csproj", "{6AD9D168-4684-42B4-ADCD-70A960BAD6A1}"
EndProject
Project("{FAE04EC0-301F-11D3-BF4B-00C04F79EFBC}") = "RepositooSample", "RepositooSample\RepositooSample.csproj", "{CBB21E92-4AE5-4B34-829A-74B7AAE2D514}"
EndProject
Global
	GlobalSection(SolutionConfigurationPlatforms) = preSolution
		Debug|Any CPU = Debug|Any CPU
		Release|Any CPU = Release|Any CPU
	EndGlobalSection
	GlobalSection(ProjectConfigurationPlatforms) = postSolution
		{2428BB5C-2033-4CE6-8EBC-B388F8EB5F6C}.Debug|Any CPU.ActiveCfg = Debug|Any CPU
		{2428BB5C-2033-4CE6-8EBC-B388F8EB5F6C}.Debug|Any CPU.Build.0 = Debug|Any CPU
		{2428BB5C-2033-4CE6-8EBC-B388F8EB5F6C}.Release|Any CPU.ActiveCfg = Release|Any CPU
		{2428BB5C-2033-4CE6-8EBC-B388F8EB5F6C}.Release|Any CPU.Build.0 = Release|Any CPU
		{6AD9D168-4684-42B4-ADCD-70A960BAD6A1}.Debug|Any CPU.ActiveCfg = Debug|Any CPU
		{6AD9D168-4684-42B4-ADCD-70A960BAD6A1}.Debug|Any CPU.Build.0 = Debug|Any CPU
		{6AD9D168-4684-42B4-ADCD-70A960BAD6A1}.Release|Any CPU.ActiveCfg = Release|Any CPU
		{6AD9D168-4684-42B4-ADCD-70A960BAD6A1}.Release|Any CPU.Build.0 = Release|Any CPU
		{CBB21E92-4AE5-4B34-829A-74B7AAE2D514}.Debug|Any CPU.ActiveCfg = Debug|Any CPU
		{CBB21E92-4AE5-4B34-829A-74B7AAE2D514}.Debug|Any CPU.Build.0 = Debug|Any CPU
		{CBB21E92-4AE5-4B34-829A-74B7AAE2D514}.Release|Any CPU.ActiveCfg = Release|Any CPU
		{CBB21E92-4AE5-4B34-829A-74B7AAE2D514}.Release|Any CPU.Build.0 = Release|Any CPU
	EndGlobalSection
	GlobalSection(SolutionProperties) = preSolution
		HideSolutionNode = FALSE
	EndGlobalSection
	GlobalSection(ExtensibilityGlobals) = postSolution
		SolutionGuid = {322A5403-CD2B-4716-A69A-0D4123F9B60A}
	EndGlobalSection
EndGlobal
